// !$*UTF8*$!
{
	archiveVersion = 1;
	classes = {
	};
	objectVersion = 46;
	objects = {

/* Begin PBXBuildFile section */
		7A43090E178B553500FCC8F1 /* BUBusStopDataSource.m in Sources */ = {isa = PBXBuildFile; fileRef = 7A43090D178B553500FCC8F1 /* BUBusStopDataSource.m */; };
		7A6C1AB4178C959700AB1DF6 /* BULiveBusDataSourceTests.m in Sources */ = {isa = PBXBuildFile; fileRef = 7A6C1AB3178C959700AB1DF6 /* BULiveBusDataSourceTests.m */; };
		7AD6ACAB1787300500375DB3 /* UIKit.framework in Frameworks */ = {isa = PBXBuildFile; fileRef = 7AD6ACAA1787300500375DB3 /* UIKit.framework */; };
		7AD6ACAD1787300500375DB3 /* Foundation.framework in Frameworks */ = {isa = PBXBuildFile; fileRef = 7AD6ACAC1787300500375DB3 /* Foundation.framework */; };
		7AD6ACAF1787300500375DB3 /* CoreGraphics.framework in Frameworks */ = {isa = PBXBuildFile; fileRef = 7AD6ACAE1787300500375DB3 /* CoreGraphics.framework */; };
		7AD6ACB51787300500375DB3 /* InfoPlist.strings in Resources */ = {isa = PBXBuildFile; fileRef = 7AD6ACB31787300500375DB3 /* InfoPlist.strings */; };
		7AD6ACB71787300500375DB3 /* main.m in Sources */ = {isa = PBXBuildFile; fileRef = 7AD6ACB61787300500375DB3 /* main.m */; };
		7AD6ACBB1787300500375DB3 /* BUAppDelegate.m in Sources */ = {isa = PBXBuildFile; fileRef = 7AD6ACBA1787300500375DB3 /* BUAppDelegate.m */; };
		7AD6ACBD1787300500375DB3 /* Default.png in Resources */ = {isa = PBXBuildFile; fileRef = 7AD6ACBC1787300500375DB3 /* Default.png */; };
		7AD6ACBF1787300500375DB3 /* Default@2x.png in Resources */ = {isa = PBXBuildFile; fileRef = 7AD6ACBE1787300500375DB3 /* Default@2x.png */; };
		7AD6ACC11787300500375DB3 /* Default-568h@2x.png in Resources */ = {isa = PBXBuildFile; fileRef = 7AD6ACC01787300500375DB3 /* Default-568h@2x.png */; };
		7AD6ACC41787300500375DB3 /* MainStoryboard_iPhone.storyboard in Resources */ = {isa = PBXBuildFile; fileRef = 7AD6ACC21787300500375DB3 /* MainStoryboard_iPhone.storyboard */; };
		7AD6ACC71787300500375DB3 /* MainStoryboard_iPad.storyboard in Resources */ = {isa = PBXBuildFile; fileRef = 7AD6ACC51787300500375DB3 /* MainStoryboard_iPad.storyboard */; };
		7AD6ACCA1787300500375DB3 /* BUBusPredictorMasterViewController.m in Sources */ = {isa = PBXBuildFile; fileRef = 7AD6ACC91787300500375DB3 /* BUBusPredictorMasterViewController.m */; };
		7AD6ACCD1787300500375DB3 /* BUDetailViewController.m in Sources */ = {isa = PBXBuildFile; fileRef = 7AD6ACCC1787300500375DB3 /* BUDetailViewController.m */; };
		7AD6ACD51787300500375DB3 /* SenTestingKit.framework in Frameworks */ = {isa = PBXBuildFile; fileRef = 7AD6ACD41787300500375DB3 /* SenTestingKit.framework */; };
		7AD6ACD61787300500375DB3 /* UIKit.framework in Frameworks */ = {isa = PBXBuildFile; fileRef = 7AD6ACAA1787300500375DB3 /* UIKit.framework */; };
		7AD6ACD71787300500375DB3 /* Foundation.framework in Frameworks */ = {isa = PBXBuildFile; fileRef = 7AD6ACAC1787300500375DB3 /* Foundation.framework */; };
		7AD6ACDF1787300500375DB3 /* InfoPlist.strings in Resources */ = {isa = PBXBuildFile; fileRef = 7AD6ACDD1787300500375DB3 /* InfoPlist.strings */; };
		7AD6ACE21787300500375DB3 /* BUBusPredictor3Tests.m in Sources */ = {isa = PBXBuildFile; fileRef = 7AD6ACE11787300500375DB3 /* BUBusPredictor3Tests.m */; };
		7AD6ACEC1787304600375DB3 /* MapKit.framework in Frameworks */ = {isa = PBXBuildFile; fileRef = 7AD6ACEB1787304600375DB3 /* MapKit.framework */; };
		7AD6ACEF1787351600375DB3 /* JSONModel.m in Sources */ = {isa = PBXBuildFile; fileRef = 7AD6ACEE1787351600375DB3 /* JSONModel.m */; };
		7AD6ACF3178757A500375DB3 /* BusPredictorData.m in Sources */ = {isa = PBXBuildFile; fileRef = 7AD6ACF2178757A500375DB3 /* BusPredictorData.m */; };
		7AD6ACF6178757D700375DB3 /* BUModuleData.m in Sources */ = {isa = PBXBuildFile; fileRef = 7AD6ACF5178757D700375DB3 /* BUModuleData.m */; };
		7AD6ACF91787671900375DB3 /* BUBusModel.m in Sources */ = {isa = PBXBuildFile; fileRef = 7AD6ACF81787671900375DB3 /* BUBusModel.m */; };
		7AD6ACFC17876B6600375DB3 /* BUBusPredictorDataTests.m in Sources */ = {isa = PBXBuildFile; fileRef = 7AD6ACFB17876B6600375DB3 /* BUBusPredictorDataTests.m */; };
		7AD6ACFF17876D5500375DB3 /* BULiveBusDataSource.m in Sources */ = {isa = PBXBuildFile; fileRef = 7AD6ACFE17876D5500375DB3 /* BULiveBusDataSource.m */; };
		7AD6AD02178771D600375DB3 /* BUDataSource.m in Sources */ = {isa = PBXBuildFile; fileRef = 7AD6AD01178771D500375DB3 /* BUDataSource.m */; };
		DDBB6827178DD38E008336EF /* BUBusStopDataSourceTests.m in Sources */ = {isa = PBXBuildFile; fileRef = DDBB6826178DD38E008336EF /* BUBusStopDataSourceTests.m */; };
		DDBB6845178DE135008336EF /* BUBusStopModel.m in Sources */ = {isa = PBXBuildFile; fileRef = DDBB6844178DE135008336EF /* BUBusStopModel.m */; };
		DDBB6848178E0161008336EF /* BULiveBusConnection.m in Sources */ = {isa = PBXBuildFile; fileRef = DDBB6847178E0161008336EF /* BULiveBusConnection.m */; };
/* End PBXBuildFile section */

/* Begin PBXContainerItemProxy section */
		7AD6ACD81787300500375DB3 /* PBXContainerItemProxy */ = {
			isa = PBXContainerItemProxy;
			containerPortal = 7AD6AC9F1787300500375DB3 /* Project object */;
			proxyType = 1;
			remoteGlobalIDString = 7AD6ACA61787300500375DB3;
			remoteInfo = BUBusPredictor3;
		};
/* End PBXContainerItemProxy section */

/* Begin PBXFileReference section */
		7A43090C178B553500FCC8F1 /* BUBusStopDataSource.h */ = {isa = PBXFileReference; fileEncoding = 4; lastKnownFileType = sourcecode.c.h; path = BUBusStopDataSource.h; sourceTree = "<group>"; };
		7A43090D178B553500FCC8F1 /* BUBusStopDataSource.m */ = {isa = PBXFileReference; fileEncoding = 4; lastKnownFileType = sourcecode.c.objc; path = BUBusStopDataSource.m; sourceTree = "<group>"; };
		7A6C1AB3178C959700AB1DF6 /* BULiveBusDataSourceTests.m */ = {isa = PBXFileReference; fileEncoding = 4; lastKnownFileType = sourcecode.c.objc; path = BULiveBusDataSourceTests.m; sourceTree = "<group>"; };
		7AD6ACA71787300500375DB3 /* BUBusPredictor3.app */ = {isa = PBXFileReference; explicitFileType = wrapper.application; includeInIndex = 0; path = BUBusPredictor3.app; sourceTree = BUILT_PRODUCTS_DIR; };
		7AD6ACAA1787300500375DB3 /* UIKit.framework */ = {isa = PBXFileReference; lastKnownFileType = wrapper.framework; name = UIKit.framework; path = System/Library/Frameworks/UIKit.framework; sourceTree = SDKROOT; };
		7AD6ACAC1787300500375DB3 /* Foundation.framework */ = {isa = PBXFileReference; lastKnownFileType = wrapper.framework; name = Foundation.framework; path = System/Library/Frameworks/Foundation.framework; sourceTree = SDKROOT; };
		7AD6ACAE1787300500375DB3 /* CoreGraphics.framework */ = {isa = PBXFileReference; lastKnownFileType = wrapper.framework; name = CoreGraphics.framework; path = System/Library/Frameworks/CoreGraphics.framework; sourceTree = SDKROOT; };
		7AD6ACB21787300500375DB3 /* BUBusPredictor3-Info.plist */ = {isa = PBXFileReference; lastKnownFileType = text.plist.xml; path = "BUBusPredictor3-Info.plist"; sourceTree = "<group>"; };
		7AD6ACB41787300500375DB3 /* en */ = {isa = PBXFileReference; lastKnownFileType = text.plist.strings; name = en; path = en.lproj/InfoPlist.strings; sourceTree = "<group>"; };
		7AD6ACB61787300500375DB3 /* main.m */ = {isa = PBXFileReference; lastKnownFileType = sourcecode.c.objc; path = main.m; sourceTree = "<group>"; };
		7AD6ACB81787300500375DB3 /* BUBusPredictor3-Prefix.pch */ = {isa = PBXFileReference; lastKnownFileType = sourcecode.c.h; path = "BUBusPredictor3-Prefix.pch"; sourceTree = "<group>"; };
		7AD6ACB91787300500375DB3 /* BUAppDelegate.h */ = {isa = PBXFileReference; lastKnownFileType = sourcecode.c.h; path = BUAppDelegate.h; sourceTree = "<group>"; };
		7AD6ACBA1787300500375DB3 /* BUAppDelegate.m */ = {isa = PBXFileReference; lastKnownFileType = sourcecode.c.objc; path = BUAppDelegate.m; sourceTree = "<group>"; };
		7AD6ACBC1787300500375DB3 /* Default.png */ = {isa = PBXFileReference; lastKnownFileType = image.png; path = Default.png; sourceTree = "<group>"; };
		7AD6ACBE1787300500375DB3 /* Default@2x.png */ = {isa = PBXFileReference; lastKnownFileType = image.png; path = "Default@2x.png"; sourceTree = "<group>"; };
		7AD6ACC01787300500375DB3 /* Default-568h@2x.png */ = {isa = PBXFileReference; lastKnownFileType = image.png; path = "Default-568h@2x.png"; sourceTree = "<group>"; };
		7AD6ACC31787300500375DB3 /* en */ = {isa = PBXFileReference; lastKnownFileType = file.storyboard; name = en; path = en.lproj/MainStoryboard_iPhone.storyboard; sourceTree = "<group>"; };
		7AD6ACC61787300500375DB3 /* en */ = {isa = PBXFileReference; lastKnownFileType = file.storyboard; name = en; path = en.lproj/MainStoryboard_iPad.storyboard; sourceTree = "<group>"; };
		7AD6ACC81787300500375DB3 /* BUBusPredictorMasterViewController.h */ = {isa = PBXFileReference; lastKnownFileType = sourcecode.c.h; path = BUBusPredictorMasterViewController.h; sourceTree = "<group>"; };
		7AD6ACC91787300500375DB3 /* BUBusPredictorMasterViewController.m */ = {isa = PBXFileReference; lastKnownFileType = sourcecode.c.objc; path = BUBusPredictorMasterViewController.m; sourceTree = "<group>"; };
		7AD6ACCB1787300500375DB3 /* BUDetailViewController.h */ = {isa = PBXFileReference; lastKnownFileType = sourcecode.c.h; path = BUDetailViewController.h; sourceTree = "<group>"; };
		7AD6ACCC1787300500375DB3 /* BUDetailViewController.m */ = {isa = PBXFileReference; lastKnownFileType = sourcecode.c.objc; path = BUDetailViewController.m; sourceTree = "<group>"; };
		7AD6ACD31787300500375DB3 /* BUBusPredictor3Tests.octest */ = {isa = PBXFileReference; explicitFileType = wrapper.cfbundle; includeInIndex = 0; path = BUBusPredictor3Tests.octest; sourceTree = BUILT_PRODUCTS_DIR; };
		7AD6ACD41787300500375DB3 /* SenTestingKit.framework */ = {isa = PBXFileReference; lastKnownFileType = wrapper.framework; name = SenTestingKit.framework; path = Library/Frameworks/SenTestingKit.framework; sourceTree = DEVELOPER_DIR; };
		7AD6ACDC1787300500375DB3 /* BUBusPredictor3Tests-Info.plist */ = {isa = PBXFileReference; lastKnownFileType = text.plist.xml; path = "BUBusPredictor3Tests-Info.plist"; sourceTree = "<group>"; };
		7AD6ACDE1787300500375DB3 /* en */ = {isa = PBXFileReference; lastKnownFileType = text.plist.strings; name = en; path = en.lproj/InfoPlist.strings; sourceTree = "<group>"; };
		7AD6ACE11787300500375DB3 /* BUBusPredictor3Tests.m */ = {isa = PBXFileReference; lastKnownFileType = sourcecode.c.objc; path = BUBusPredictor3Tests.m; sourceTree = "<group>"; };
		7AD6ACEB1787304600375DB3 /* MapKit.framework */ = {isa = PBXFileReference; lastKnownFileType = wrapper.framework; name = MapKit.framework; path = System/Library/Frameworks/MapKit.framework; sourceTree = SDKROOT; };
		7AD6ACED1787351600375DB3 /* JSONModel.h */ = {isa = PBXFileReference; fileEncoding = 4; lastKnownFileType = sourcecode.c.h; name = JSONModel.h; path = BUBusPredictor3/JSON/JSONModel.h; sourceTree = "<group>"; };
		7AD6ACEE1787351600375DB3 /* JSONModel.m */ = {isa = PBXFileReference; fileEncoding = 4; lastKnownFileType = sourcecode.c.objc; name = JSONModel.m; path = BUBusPredictor3/JSON/JSONModel.m; sourceTree = "<group>"; };
		7AD6ACF1178757A500375DB3 /* BusPredictorData.h */ = {isa = PBXFileReference; fileEncoding = 4; lastKnownFileType = sourcecode.c.h; name = BusPredictorData.h; path = Data/BusPredictorData.h; sourceTree = "<group>"; };
		7AD6ACF2178757A500375DB3 /* BusPredictorData.m */ = {isa = PBXFileReference; fileEncoding = 4; lastKnownFileType = sourcecode.c.objc; name = BusPredictorData.m; path = Data/BusPredictorData.m; sourceTree = "<group>"; };
		7AD6ACF4178757D700375DB3 /* BUModuleData.h */ = {isa = PBXFileReference; fileEncoding = 4; lastKnownFileType = sourcecode.c.h; name = BUModuleData.h; path = Data/BUModuleData.h; sourceTree = "<group>"; };
		7AD6ACF5178757D700375DB3 /* BUModuleData.m */ = {isa = PBXFileReference; fileEncoding = 4; lastKnownFileType = sourcecode.c.objc; name = BUModuleData.m; path = Data/BUModuleData.m; sourceTree = "<group>"; };
		7AD6ACF71787671900375DB3 /* BUBusModel.h */ = {isa = PBXFileReference; fileEncoding = 4; lastKnownFileType = sourcecode.c.h; name = BUBusModel.h; path = Data/BUBusModel.h; sourceTree = "<group>"; };
		7AD6ACF81787671900375DB3 /* BUBusModel.m */ = {isa = PBXFileReference; fileEncoding = 4; lastKnownFileType = sourcecode.c.objc; name = BUBusModel.m; path = Data/BUBusModel.m; sourceTree = "<group>"; };
		7AD6ACFB17876B6600375DB3 /* BUBusPredictorDataTests.m */ = {isa = PBXFileReference; fileEncoding = 4; lastKnownFileType = sourcecode.c.objc; path = BUBusPredictorDataTests.m; sourceTree = "<group>"; };
		7AD6ACFD17876D5500375DB3 /* BULiveBusDataSource.h */ = {isa = PBXFileReference; fileEncoding = 4; lastKnownFileType = sourcecode.c.h; name = BULiveBusDataSource.h; path = Data/BULiveBusDataSource.h; sourceTree = "<group>"; };
		7AD6ACFE17876D5500375DB3 /* BULiveBusDataSource.m */ = {isa = PBXFileReference; fileEncoding = 4; lastKnownFileType = sourcecode.c.objc; name = BULiveBusDataSource.m; path = Data/BULiveBusDataSource.m; sourceTree = "<group>"; };
		7AD6AD00178771D500375DB3 /* BUDataSource.h */ = {isa = PBXFileReference; fileEncoding = 4; lastKnownFileType = sourcecode.c.h; name = BUDataSource.h; path = Data/BUDataSource.h; sourceTree = "<group>"; };
		7AD6AD01178771D500375DB3 /* BUDataSource.m */ = {isa = PBXFileReference; fileEncoding = 4; lastKnownFileType = sourcecode.c.objc; name = BUDataSource.m; path = Data/BUDataSource.m; sourceTree = "<group>"; };
		DDBB6826178DD38E008336EF /* BUBusStopDataSourceTests.m */ = {isa = PBXFileReference; fileEncoding = 4; lastKnownFileType = sourcecode.c.objc; path = BUBusStopDataSourceTests.m; sourceTree = "<group>"; };
		DDBB6843178DE135008336EF /* BUBusStopModel.h */ = {isa = PBXFileReference; fileEncoding = 4; lastKnownFileType = sourcecode.c.h; path = BUBusStopModel.h; sourceTree = "<group>"; };
		DDBB6844178DE135008336EF /* BUBusStopModel.m */ = {isa = PBXFileReference; fileEncoding = 4; lastKnownFileType = sourcecode.c.objc; path = BUBusStopModel.m; sourceTree = "<group>"; };
		DDBB6846178E0161008336EF /* BULiveBusConnection.h */ = {isa = PBXFileReference; fileEncoding = 4; lastKnownFileType = sourcecode.c.h; path = BULiveBusConnection.h; sourceTree = "<group>"; };
		DDBB6847178E0161008336EF /* BULiveBusConnection.m */ = {isa = PBXFileReference; fileEncoding = 4; lastKnownFileType = sourcecode.c.objc; path = BULiveBusConnection.m; sourceTree = "<group>"; };
/* End PBXFileReference section */

/* Begin PBXFrameworksBuildPhase section */
		7AD6ACA41787300500375DB3 /* Frameworks */ = {
			isa = PBXFrameworksBuildPhase;
			buildActionMask = 2147483647;
			files = (
				7AD6ACEC1787304600375DB3 /* MapKit.framework in Frameworks */,
				7AD6ACAB1787300500375DB3 /* UIKit.framework in Frameworks */,
				7AD6ACAD1787300500375DB3 /* Foundation.framework in Frameworks */,
				7AD6ACAF1787300500375DB3 /* CoreGraphics.framework in Frameworks */,
			);
			runOnlyForDeploymentPostprocessing = 0;
		};
		7AD6ACCF1787300500375DB3 /* Frameworks */ = {
			isa = PBXFrameworksBuildPhase;
			buildActionMask = 2147483647;
			files = (
				7AD6ACD51787300500375DB3 /* SenTestingKit.framework in Frameworks */,
				7AD6ACD61787300500375DB3 /* UIKit.framework in Frameworks */,
				7AD6ACD71787300500375DB3 /* Foundation.framework in Frameworks */,
			);
			runOnlyForDeploymentPostprocessing = 0;
		};
/* End PBXFrameworksBuildPhase section */

/* Begin PBXGroup section */
		7AD6AC9E1787300500375DB3 = {
			isa = PBXGroup;
			children = (
				7AD6ACF0178735B300375DB3 /* JSON */,
				7AD6ACB01787300500375DB3 /* BUBusPredictor3 */,
				7AD6ACDA1787300500375DB3 /* BUBusPredictor3Tests */,
				7AD6ACA91787300500375DB3 /* Frameworks */,
				7AD6ACA81787300500375DB3 /* Products */,
			);
			sourceTree = "<group>";
		};
		7AD6ACA81787300500375DB3 /* Products */ = {
			isa = PBXGroup;
			children = (
				7AD6ACA71787300500375DB3 /* BUBusPredictor3.app */,
				7AD6ACD31787300500375DB3 /* BUBusPredictor3Tests.octest */,
			);
			name = Products;
			sourceTree = "<group>";
		};
		7AD6ACA91787300500375DB3 /* Frameworks */ = {
			isa = PBXGroup;
			children = (
				7AD6ACAA1787300500375DB3 /* UIKit.framework */,
				7AD6ACAC1787300500375DB3 /* Foundation.framework */,
				7AD6ACAE1787300500375DB3 /* CoreGraphics.framework */,
				7AD6ACEB1787304600375DB3 /* MapKit.framework */,
				7AD6ACD41787300500375DB3 /* SenTestingKit.framework */,
			);
			name = Frameworks;
			sourceTree = "<group>";
		};
		7AD6ACB01787300500375DB3 /* BUBusPredictor3 */ = {
			isa = PBXGroup;
			children = (
				7AD6AD00178771D500375DB3 /* BUDataSource.h */,
				7AD6AD01178771D500375DB3 /* BUDataSource.m */,
				7AD6ACF4178757D700375DB3 /* BUModuleData.h */,
				7AD6ACF5178757D700375DB3 /* BUModuleData.m */,
				DDBB684A178E01E5008336EF /* Live Bus */,
				DDBB684B178E01F4008336EF /* Bus Stop */,
				7AD6ACF71787671900375DB3 /* BUBusModel.h */,
				7AD6ACF81787671900375DB3 /* BUBusModel.m */,
				7AD6ACF1178757A500375DB3 /* BusPredictorData.h */,
				7AD6ACF2178757A500375DB3 /* BusPredictorData.m */,
				7AD6ACC21787300500375DB3 /* MainStoryboard_iPhone.storyboard */,
				7AD6ACC51787300500375DB3 /* MainStoryboard_iPad.storyboard */,
				7AD6ACB91787300500375DB3 /* BUAppDelegate.h */,
				7AD6ACBA1787300500375DB3 /* BUAppDelegate.m */,
				DDBB6849178E01C6008336EF /* Views */,
				7AD6ACB11787300500375DB3 /* Supporting Files */,
			);
			path = BUBusPredictor3;
			sourceTree = "<group>";
		};
		7AD6ACB11787300500375DB3 /* Supporting Files */ = {
			isa = PBXGroup;
			children = (
				7AD6ACB21787300500375DB3 /* BUBusPredictor3-Info.plist */,
				7AD6ACB31787300500375DB3 /* InfoPlist.strings */,
				7AD6ACB61787300500375DB3 /* main.m */,
				7AD6ACB81787300500375DB3 /* BUBusPredictor3-Prefix.pch */,
				7AD6ACBC1787300500375DB3 /* Default.png */,
				7AD6ACBE1787300500375DB3 /* Default@2x.png */,
				7AD6ACC01787300500375DB3 /* Default-568h@2x.png */,
			);
			name = "Supporting Files";
			sourceTree = "<group>";
		};
		7AD6ACDA1787300500375DB3 /* BUBusPredictor3Tests */ = {
			isa = PBXGroup;
			children = (
				7AD6ACE11787300500375DB3 /* BUBusPredictor3Tests.m */,
				7AD6ACFB17876B6600375DB3 /* BUBusPredictorDataTests.m */,
				7A6C1AB3178C959700AB1DF6 /* BULiveBusDataSourceTests.m */,
				DDBB6826178DD38E008336EF /* BUBusStopDataSourceTests.m */,
				7AD6ACDB1787300500375DB3 /* Supporting Files */,
			);
			path = BUBusPredictor3Tests;
			sourceTree = "<group>";
		};
		7AD6ACDB1787300500375DB3 /* Supporting Files */ = {
			isa = PBXGroup;
			children = (
				7AD6ACDC1787300500375DB3 /* BUBusPredictor3Tests-Info.plist */,
				7AD6ACDD1787300500375DB3 /* InfoPlist.strings */,
			);
			name = "Supporting Files";
			sourceTree = "<group>";
		};
		7AD6ACF0178735B300375DB3 /* JSON */ = {
			isa = PBXGroup;
			children = (
				7AD6ACED1787351600375DB3 /* JSONModel.h */,
				7AD6ACEE1787351600375DB3 /* JSONModel.m */,
			);
			name = JSON;
			sourceTree = "<group>";
		};
		DDBB6849178E01C6008336EF /* Views */ = {
			isa = PBXGroup;
			children = (
				7AD6ACC81787300500375DB3 /* BUBusPredictorMasterViewController.h */,
				7AD6ACC91787300500375DB3 /* BUBusPredictorMasterViewController.m */,
				7AD6ACCB1787300500375DB3 /* BUDetailViewController.h */,
				7AD6ACCC1787300500375DB3 /* BUDetailViewController.m */,
			);
			name = Views;
			sourceTree = "<group>";
		};
		DDBB684A178E01E5008336EF /* Live Bus */ = {
			isa = PBXGroup;
			children = (
				DDBB6846178E0161008336EF /* BULiveBusConnection.h */,
				DDBB6847178E0161008336EF /* BULiveBusConnection.m */,
				7AD6ACFD17876D5500375DB3 /* BULiveBusDataSource.h */,
				7AD6ACFE17876D5500375DB3 /* BULiveBusDataSource.m */,
			);
			name = "Live Bus";
			sourceTree = "<group>";
		};
		DDBB684B178E01F4008336EF /* Bus Stop */ = {
			isa = PBXGroup;
			children = (
				DDBB6843178DE135008336EF /* BUBusStopModel.h */,
				DDBB6844178DE135008336EF /* BUBusStopModel.m */,
				7A43090C178B553500FCC8F1 /* BUBusStopDataSource.h */,
				7A43090D178B553500FCC8F1 /* BUBusStopDataSource.m */,
			);
			name = "Bus Stop";
			sourceTree = "<group>";
		};
/* End PBXGroup section */

/* Begin PBXNativeTarget section */
		7AD6ACA61787300500375DB3 /* BUBusPredictor3 */ = {
			isa = PBXNativeTarget;
			buildConfigurationList = 7AD6ACE51787300500375DB3 /* Build configuration list for PBXNativeTarget "BUBusPredictor3" */;
			buildPhases = (
				7AD6ACA31787300500375DB3 /* Sources */,
				7AD6ACA41787300500375DB3 /* Frameworks */,
				7AD6ACA51787300500375DB3 /* Resources */,
			);
			buildRules = (
			);
			dependencies = (
			);
			name = BUBusPredictor3;
			productName = BUBusPredictor3;
			productReference = 7AD6ACA71787300500375DB3 /* BUBusPredictor3.app */;
			productType = "com.apple.product-type.application";
		};
		7AD6ACD21787300500375DB3 /* BUBusPredictor3Tests */ = {
			isa = PBXNativeTarget;
			buildConfigurationList = 7AD6ACE81787300500375DB3 /* Build configuration list for PBXNativeTarget "BUBusPredictor3Tests" */;
			buildPhases = (
				7AD6ACCE1787300500375DB3 /* Sources */,
				7AD6ACCF1787300500375DB3 /* Frameworks */,
				7AD6ACD01787300500375DB3 /* Resources */,
				7AD6ACD11787300500375DB3 /* ShellScript */,
			);
			buildRules = (
			);
			dependencies = (
				7AD6ACD91787300500375DB3 /* PBXTargetDependency */,
			);
			name = BUBusPredictor3Tests;
			productName = BUBusPredictor3Tests;
			productReference = 7AD6ACD31787300500375DB3 /* BUBusPredictor3Tests.octest */;
			productType = "com.apple.product-type.bundle";
		};
/* End PBXNativeTarget section */

/* Begin PBXProject section */
		7AD6AC9F1787300500375DB3 /* Project object */ = {
			isa = PBXProject;
			attributes = {
				CLASSPREFIX = BU;
				LastUpgradeCheck = 0460;
				ORGANIZATIONNAME = "Boston University";
			};
			buildConfigurationList = 7AD6ACA21787300500375DB3 /* Build configuration list for PBXProject "BUBusPredictor3" */;
			compatibilityVersion = "Xcode 3.2";
			developmentRegion = English;
			hasScannedForEncodings = 0;
			knownRegions = (
				en,
			);
			mainGroup = 7AD6AC9E1787300500375DB3;
			productRefGroup = 7AD6ACA81787300500375DB3 /* Products */;
			projectDirPath = "";
			projectRoot = "";
			targets = (
				7AD6ACA61787300500375DB3 /* BUBusPredictor3 */,
				7AD6ACD21787300500375DB3 /* BUBusPredictor3Tests */,
			);
		};
/* End PBXProject section */

/* Begin PBXResourcesBuildPhase section */
		7AD6ACA51787300500375DB3 /* Resources */ = {
			isa = PBXResourcesBuildPhase;
			buildActionMask = 2147483647;
			files = (
				7AD6ACB51787300500375DB3 /* InfoPlist.strings in Resources */,
				7AD6ACBD1787300500375DB3 /* Default.png in Resources */,
				7AD6ACBF1787300500375DB3 /* Default@2x.png in Resources */,
				7AD6ACC11787300500375DB3 /* Default-568h@2x.png in Resources */,
				7AD6ACC41787300500375DB3 /* MainStoryboard_iPhone.storyboard in Resources */,
				7AD6ACC71787300500375DB3 /* MainStoryboard_iPad.storyboard in Resources */,
			);
			runOnlyForDeploymentPostprocessing = 0;
		};
		7AD6ACD01787300500375DB3 /* Resources */ = {
			isa = PBXResourcesBuildPhase;
			buildActionMask = 2147483647;
			files = (
				7AD6ACDF1787300500375DB3 /* InfoPlist.strings in Resources */,
			);
			runOnlyForDeploymentPostprocessing = 0;
		};
/* End PBXResourcesBuildPhase section */

/* Begin PBXShellScriptBuildPhase section */
		7AD6ACD11787300500375DB3 /* ShellScript */ = {
			isa = PBXShellScriptBuildPhase;
			buildActionMask = 2147483647;
			files = (
			);
			inputPaths = (
			);
			outputPaths = (
			);
			runOnlyForDeploymentPostprocessing = 0;
			shellPath = /bin/sh;
			shellScript = "# Run the unit tests in this test bundle.\n\"${SYSTEM_DEVELOPER_DIR}/Tools/RunUnitTests\"\n";
		};
/* End PBXShellScriptBuildPhase section */

/* Begin PBXSourcesBuildPhase section */
		7AD6ACA31787300500375DB3 /* Sources */ = {
			isa = PBXSourcesBuildPhase;
			buildActionMask = 2147483647;
			files = (
				7AD6ACB71787300500375DB3 /* main.m in Sources */,
				7AD6ACBB1787300500375DB3 /* BUAppDelegate.m in Sources */,
				7AD6ACCA1787300500375DB3 /* BUBusPredictorMasterViewController.m in Sources */,
				7AD6ACCD1787300500375DB3 /* BUDetailViewController.m in Sources */,
				7AD6ACEF1787351600375DB3 /* JSONModel.m in Sources */,
				7AD6ACF3178757A500375DB3 /* BusPredictorData.m in Sources */,
				7AD6ACF6178757D700375DB3 /* BUModuleData.m in Sources */,
				7AD6ACF91787671900375DB3 /* BUBusModel.m in Sources */,
				7AD6ACFF17876D5500375DB3 /* BULiveBusDataSource.m in Sources */,
				7AD6AD02178771D600375DB3 /* BUDataSource.m in Sources */,
				7A43090E178B553500FCC8F1 /* BUBusStopDataSource.m in Sources */,
				DDBB6845178DE135008336EF /* BUBusStopModel.m in Sources */,
				DDBB6848178E0161008336EF /* BULiveBusConnection.m in Sources */,
			);
			runOnlyForDeploymentPostprocessing = 0;
		};
		7AD6ACCE1787300500375DB3 /* Sources */ = {
			isa = PBXSourcesBuildPhase;
			buildActionMask = 2147483647;
			files = (
				7AD6ACE21787300500375DB3 /* BUBusPredictor3Tests.m in Sources */,
				7AD6ACFC17876B6600375DB3 /* BUBusPredictorDataTests.m in Sources */,
				7A6C1AB4178C959700AB1DF6 /* BULiveBusDataSourceTests.m in Sources */,
				DDBB6827178DD38E008336EF /* BUBusStopDataSourceTests.m in Sources */,
			);
			runOnlyForDeploymentPostprocessing = 0;
		};
/* End PBXSourcesBuildPhase section */

/* Begin PBXTargetDependency section */
		7AD6ACD91787300500375DB3 /* PBXTargetDependency */ = {
			isa = PBXTargetDependency;
			target = 7AD6ACA61787300500375DB3 /* BUBusPredictor3 */;
			targetProxy = 7AD6ACD81787300500375DB3 /* PBXContainerItemProxy */;
		};
/* End PBXTargetDependency section */

/* Begin PBXVariantGroup section */
		7AD6ACB31787300500375DB3 /* InfoPlist.strings */ = {
			isa = PBXVariantGroup;
			children = (
				7AD6ACB41787300500375DB3 /* en */,
			);
			name = InfoPlist.strings;
			sourceTree = "<group>";
		};
		7AD6ACC21787300500375DB3 /* MainStoryboard_iPhone.storyboard */ = {
			isa = PBXVariantGroup;
			children = (
				7AD6ACC31787300500375DB3 /* en */,
			);
			name = MainStoryboard_iPhone.storyboard;
			sourceTree = "<group>";
		};
		7AD6ACC51787300500375DB3 /* MainStoryboard_iPad.storyboard */ = {
			isa = PBXVariantGroup;
			children = (
				7AD6ACC61787300500375DB3 /* en */,
			);
			name = MainStoryboard_iPad.storyboard;
			sourceTree = "<group>";
		};
		7AD6ACDD1787300500375DB3 /* InfoPlist.strings */ = {
			isa = PBXVariantGroup;
			children = (
				7AD6ACDE1787300500375DB3 /* en */,
			);
			name = InfoPlist.strings;
			sourceTree = "<group>";
		};
/* End PBXVariantGroup section */

/* Begin XCBuildConfiguration section */
		7AD6ACE31787300500375DB3 /* Debug */ = {
			isa = XCBuildConfiguration;
			buildSettings = {
				ALWAYS_SEARCH_USER_PATHS = NO;
				CLANG_CXX_LANGUAGE_STANDARD = "gnu++0x";
				CLANG_CXX_LIBRARY = "libc++";
				CLANG_ENABLE_OBJC_ARC = YES;
				CLANG_WARN_CONSTANT_CONVERSION = YES;
				CLANG_WARN_EMPTY_BODY = YES;
				CLANG_WARN_ENUM_CONVERSION = YES;
				CLANG_WARN_INT_CONVERSION = YES;
				CLANG_WARN__DUPLICATE_METHOD_MATCH = YES;
				"CODE_SIGN_IDENTITY[sdk=iphoneos*]" = "iPhone Developer";
				COPY_PHASE_STRIP = NO;
				GCC_C_LANGUAGE_STANDARD = gnu99;
				GCC_DYNAMIC_NO_PIC = NO;
				GCC_OPTIMIZATION_LEVEL = 0;
				GCC_PREPROCESSOR_DEFINITIONS = (
					"DEBUG=1",
					"$(inherited)",
				);
				GCC_SYMBOLS_PRIVATE_EXTERN = NO;
				GCC_WARN_ABOUT_RETURN_TYPE = YES;
				GCC_WARN_UNINITIALIZED_AUTOS = YES;
				GCC_WARN_UNUSED_VARIABLE = YES;
				IPHONEOS_DEPLOYMENT_TARGET = 6.1;
				ONLY_ACTIVE_ARCH = YES;
				SDKROOT = iphoneos;
				TARGETED_DEVICE_FAMILY = "1,2";
			};
			name = Debug;
		};
		7AD6ACE41787300500375DB3 /* Release */ = {
			isa = XCBuildConfiguration;
			buildSettings = {
				ALWAYS_SEARCH_USER_PATHS = NO;
				CLANG_CXX_LANGUAGE_STANDARD = "gnu++0x";
				CLANG_CXX_LIBRARY = "libc++";
				CLANG_ENABLE_OBJC_ARC = YES;
				CLANG_WARN_CONSTANT_CONVERSION = YES;
				CLANG_WARN_EMPTY_BODY = YES;
				CLANG_WARN_ENUM_CONVERSION = YES;
				CLANG_WARN_INT_CONVERSION = YES;
				CLANG_WARN__DUPLICATE_METHOD_MATCH = YES;
				"CODE_SIGN_IDENTITY[sdk=iphoneos*]" = "iPhone Developer";
				COPY_PHASE_STRIP = YES;
				GCC_C_LANGUAGE_STANDARD = gnu99;
				GCC_WARN_ABOUT_RETURN_TYPE = YES;
				GCC_WARN_UNINITIALIZED_AUTOS = YES;
				GCC_WARN_UNUSED_VARIABLE = YES;
				IPHONEOS_DEPLOYMENT_TARGET = 6.1;
				OTHER_CFLAGS = "-DNS_BLOCK_ASSERTIONS=1";
				SDKROOT = iphoneos;
				TARGETED_DEVICE_FAMILY = "1,2";
				VALIDATE_PRODUCT = YES;
			};
			name = Release;
		};
		7AD6ACE61787300500375DB3 /* Debug */ = {
			isa = XCBuildConfiguration;
			buildSettings = {
				GCC_PRECOMPILE_PREFIX_HEADER = YES;
				GCC_PREFIX_HEADER = "BUBusPredictor3/BUBusPredictor3-Prefix.pch";
				INFOPLIST_FILE = "BUBusPredictor3/BUBusPredictor3-Info.plist";
				PRODUCT_NAME = "$(TARGET_NAME)";
				WRAPPER_EXTENSION = app;
			};
			name = Debug;
		};
		7AD6ACE71787300500375DB3 /* Release */ = {
			isa = XCBuildConfiguration;
			buildSettings = {
				GCC_PRECOMPILE_PREFIX_HEADER = YES;
				GCC_PREFIX_HEADER = "BUBusPredictor3/BUBusPredictor3-Prefix.pch";
				INFOPLIST_FILE = "BUBusPredictor3/BUBusPredictor3-Info.plist";
				PRODUCT_NAME = "$(TARGET_NAME)";
				WRAPPER_EXTENSION = app;
			};
			name = Release;
		};
		7AD6ACE91787300500375DB3 /* Debug */ = {
			isa = XCBuildConfiguration;
			buildSettings = {
				BUNDLE_LOADER = "$(BUILT_PRODUCTS_DIR)/BUBusPredictor3.app/BUBusPredictor3";
				FRAMEWORK_SEARCH_PATHS = (
					"\"$(SDKROOT)/Developer/Library/Frameworks\"",
					"\"$(DEVELOPER_LIBRARY_DIR)/Frameworks\"",
				);
				GCC_PRECOMPILE_PREFIX_HEADER = YES;
				GCC_PREFIX_HEADER = "BUBusPredictor3/BUBusPredictor3-Prefix.pch";
				INFOPLIST_FILE = "BUBusPredictor3Tests/BUBusPredictor3Tests-Info.plist";
				PRODUCT_NAME = "$(TARGET_NAME)";
				TEST_HOST = "$(BUNDLE_LOADER)";
				WRAPPER_EXTENSION = octest;
			};
			name = Debug;
		};
		7AD6ACEA1787300500375DB3 /* Release */ = {
			isa = XCBuildConfiguration;
			buildSettings = {
				BUNDLE_LOADER = "$(BUILT_PRODUCTS_DIR)/BUBusPredictor3.app/BUBusPredictor3";
				FRAMEWORK_SEARCH_PATHS = (
					"\"$(SDKROOT)/Developer/Library/Frameworks\"",
					"\"$(DEVELOPER_LIBRARY_DIR)/Frameworks\"",
				);
				GCC_PRECOMPILE_PREFIX_HEADER = YES;
				GCC_PREFIX_HEADER = "BUBusPredictor3/BUBusPredictor3-Prefix.pch";
				INFOPLIST_FILE = "BUBusPredictor3Tests/BUBusPredictor3Tests-Info.plist";
				PRODUCT_NAME = "$(TARGET_NAME)";
				TEST_HOST = "$(BUNDLE_LOADER)";
				WRAPPER_EXTENSION = octest;
			};
			name = Release;
		};
/* End XCBuildConfiguration section */

/* Begin XCConfigurationList section */
		7AD6ACA21787300500375DB3 /* Build configuration list for PBXProject "BUBusPredictor3" */ = {
			isa = XCConfigurationList;
			buildConfigurations = (
				7AD6ACE31787300500375DB3 /* Debug */,
				7AD6ACE41787300500375DB3 /* Release */,
			);
			defaultConfigurationIsVisible = 0;
			defaultConfigurationName = Release;
		};
		7AD6ACE51787300500375DB3 /* Build configuration list for PBXNativeTarget "BUBusPredictor3" */ = {
			isa = XCConfigurationList;
			buildConfigurations = (
				7AD6ACE61787300500375DB3 /* Debug */,
				7AD6ACE71787300500375DB3 /* Release */,
			);
			defaultConfigurationIsVisible = 0;
			defaultConfigurationName = Release;
		};
		7AD6ACE81787300500375DB3 /* Build configuration list for PBXNativeTarget "BUBusPredictor3Tests" */ = {
			isa = XCConfigurationList;
			buildConfigurations = (
				7AD6ACE91787300500375DB3 /* Debug */,
				7AD6ACEA1787300500375DB3 /* Release */,
			);
			defaultConfigurationIsVisible = 0;
			defaultConfigurationName = Release;
		};
/* End XCConfigurationList section */
	};
	rootObject = 7AD6AC9F1787300500375DB3 /* Project object */;
}
